
Microsoft Visual Studio Solution File, Format Version 12.00
# Visual Studio 2012
Project("{FAE04EC0-301F-11D3-BF4B-00C04F79EFBC}") = "ConsoleApplication1", "ConsoleApplication1\ConsoleApplication1.csproj", "{073E7578-81A0-4872-8615-AB9546A9B365}"
EndProject
Project("{FAE04EC0-301F-11D3-BF4B-00C04F79EFBC}") = "EmployeeHierarchy", "EmployeeHierarchy\EmployeeHierarchy.csproj", "{442D0F7C-8B6E-40C2-8145-D4A9BDB768F9}"
EndProject
Global
	GlobalSection(SolutionConfigurationPlatforms) = preSolution
		Debug|Any CPU = Debug|Any CPU
		Release|Any CPU = Release|Any CPU
	EndGlobalSection
	GlobalSection(ProjectConfigurationPlatforms) = postSolution
		{073E7578-81A0-4872-8615-AB9546A9B365}.Debug|Any CPU.ActiveCfg = Debug|Any CPU
		{073E7578-81A0-4872-8615-AB9546A9B365}.Debug|Any CPU.Build.0 = Debug|Any CPU
		{073E7578-81A0-4872-8615-AB9546A9B365}.Release|Any CPU.ActiveCfg = Release|Any CPU
		{073E7578-81A0-4872-8615-AB9546A9B365}.Release|Any CPU.Build.0 = Release|Any CPU
		{442D0F7C-8B6E-40C2-8145-D4A9BDB768F9}.Debug|Any CPU.ActiveCfg = Debug|Any CPU
		{442D0F7C-8B6E-40C2-8145-D4A9BDB768F9}.Debug|Any CPU.Build.0 = Debug|Any CPU
		{442D0F7C-8B6E-40C2-8145-D4A9BDB768F9}.Release|Any CPU.ActiveCfg = Release|Any CPU
		{442D0F7C-8B6E-40C2-8145-D4A9BDB768F9}.Release|Any CPU.Build.0 = Release|Any CPU
	EndGlobalSection
	GlobalSection(SolutionProperties) = preSolution
		HideSolutionNode = FALSE
	EndGlobalSection
EndGlobal
